<Solution>
  <Folder Name="/examples/">
    <Project Path="examples/StoryChief.Xperience.Example/StoryChief.Xperience.Example.csproj" />
  </Folder>
  <Folder Name="/src/">
    <Project Path="src/StoryChief.Xperience/StoryChief.Xperience.csproj" />
  </Folder>
  <Folder Name="/tests/">
    <Project Path="tests/StoryChief.Xperience.Tests/StoryChief.Xperience.Tests.csproj" />
  </Folder>
</Solution>
